
Microsoft Visual Studio Solution File, Format Version 12.00
# Visual Studio Version 17
VisualStudioVersion = 17.0.32002.185
MinimumVisualStudioVersion = 10.0.40219.1
Project("{9A19103F-16F7-4668-BE54-9A1E7A4F7556}") = "M08", "M08\M08.csproj", "{841B5917-26BA-4AEE-970A-5D018D5C9948}"
EndProject
Project("{9A19103F-16F7-4668-BE54-9A1E7A4F7556}") = "ConsoleApp", "ConsoleApp\ConsoleApp.csproj", "{ED051632-70B7-4D75-8D86-C62CCFAE65F2}"
EndProject
Project("{FAE04EC0-301F-11D3-BF4B-00C04F79EFBC}") = "M08.Tests", "M08.Tests\M08.Tests.csproj", "{4BC2DF93-6840-4E42-A0C8-1FF44D2FF6E3}"
EndProject
Global
	GlobalSection(SolutionConfigurationPlatforms) = preSolution
		Debug|Any CPU = Debug|Any CPU
		Release|Any CPU = Release|Any CPU
	EndGlobalSection
	GlobalSection(ProjectConfigurationPlatforms) = postSolution
		{841B5917-26BA-4AEE-970A-5D018D5C9948}.Debug|Any CPU.ActiveCfg = Debug|Any CPU
		{841B5917-26BA-4AEE-970A-5D018D5C9948}.Debug|Any CPU.Build.0 = Debug|Any CPU
		{841B5917-26BA-4AEE-970A-5D018D5C9948}.Release|Any CPU.ActiveCfg = Release|Any CPU
		{841B5917-26BA-4AEE-970A-5D018D5C9948}.Release|Any CPU.Build.0 = Release|Any CPU
		{ED051632-70B7-4D75-8D86-C62CCFAE65F2}.Debug|Any CPU.ActiveCfg = Debug|Any CPU
		{ED051632-70B7-4D75-8D86-C62CCFAE65F2}.Debug|Any CPU.Build.0 = Debug|Any CPU
		{ED051632-70B7-4D75-8D86-C62CCFAE65F2}.Release|Any CPU.ActiveCfg = Release|Any CPU
		{ED051632-70B7-4D75-8D86-C62CCFAE65F2}.Release|Any CPU.Build.0 = Release|Any CPU
		{4BC2DF93-6840-4E42-A0C8-1FF44D2FF6E3}.Debug|Any CPU.ActiveCfg = Debug|Any CPU
		{4BC2DF93-6840-4E42-A0C8-1FF44D2FF6E3}.Debug|Any CPU.Build.0 = Debug|Any CPU
		{4BC2DF93-6840-4E42-A0C8-1FF44D2FF6E3}.Release|Any CPU.ActiveCfg = Release|Any CPU
		{4BC2DF93-6840-4E42-A0C8-1FF44D2FF6E3}.Release|Any CPU.Build.0 = Release|Any CPU
	EndGlobalSection
	GlobalSection(SolutionProperties) = preSolution
		HideSolutionNode = FALSE
	EndGlobalSection
	GlobalSection(ExtensibilityGlobals) = postSolution
		SolutionGuid = {D9242C79-DE22-45AA-9F86-49D324F2D51A}
	EndGlobalSection
EndGlobal
