
Microsoft Visual Studio Solution File, Format Version 12.00
# Visual Studio Version 17
VisualStudioVersion = 17.0.32002.185
MinimumVisualStudioVersion = 10.0.40219.1
Project("{FAE04EC0-301F-11D3-BF4B-00C04F79EFBC}") = "M03", "M03\M03.csproj", "{96EE1EC9-3611-425B-99E8-DCD2B2F37F58}"
EndProject
Global
	GlobalSection(SolutionConfigurationPlatforms) = preSolution
		Debug|Any CPU = Debug|Any CPU
		Release|Any CPU = Release|Any CPU
	EndGlobalSection
	GlobalSection(ProjectConfigurationPlatforms) = postSolution
		{96EE1EC9-3611-425B-99E8-DCD2B2F37F58}.Debug|Any CPU.ActiveCfg = Debug|Any CPU
		{96EE1EC9-3611-425B-99E8-DCD2B2F37F58}.Debug|Any CPU.Build.0 = Debug|Any CPU
		{96EE1EC9-3611-425B-99E8-DCD2B2F37F58}.Release|Any CPU.ActiveCfg = Release|Any CPU
		{96EE1EC9-3611-425B-99E8-DCD2B2F37F58}.Release|Any CPU.Build.0 = Release|Any CPU
	EndGlobalSection
	GlobalSection(SolutionProperties) = preSolution
		HideSolutionNode = FALSE
	EndGlobalSection
	GlobalSection(ExtensibilityGlobals) = postSolution
		SolutionGuid = {56BCC6A2-D661-449F-9171-ECED2AD8A8F1}
	EndGlobalSection
EndGlobal
