
Microsoft Visual Studio Solution File, Format Version 12.00
# Visual Studio Version 17
VisualStudioVersion = 17.0.32002.185
MinimumVisualStudioVersion = 10.0.40219.1
Project("{FAE04EC0-301F-11D3-BF4B-00C04F79EFBC}") = "Students", "M02\Students.csproj", "{C43D55D8-D3E0-4B21-9295-A8A01169830C}"
EndProject
Project("{FAE04EC0-301F-11D3-BF4B-00C04F79EFBC}") = "Performance", "Performance\Performance.csproj", "{DE7B33C9-324D-4BEC-A7DB-C54AF400DDBB}"
EndProject
Global
	GlobalSection(SolutionConfigurationPlatforms) = preSolution
		Debug|Any CPU = Debug|Any CPU
		Release|Any CPU = Release|Any CPU
	EndGlobalSection
	GlobalSection(ProjectConfigurationPlatforms) = postSolution
		{C43D55D8-D3E0-4B21-9295-A8A01169830C}.Debug|Any CPU.ActiveCfg = Debug|Any CPU
		{C43D55D8-D3E0-4B21-9295-A8A01169830C}.Debug|Any CPU.Build.0 = Debug|Any CPU
		{C43D55D8-D3E0-4B21-9295-A8A01169830C}.Release|Any CPU.ActiveCfg = Release|Any CPU
		{C43D55D8-D3E0-4B21-9295-A8A01169830C}.Release|Any CPU.Build.0 = Release|Any CPU
		{DE7B33C9-324D-4BEC-A7DB-C54AF400DDBB}.Debug|Any CPU.ActiveCfg = Debug|Any CPU
		{DE7B33C9-324D-4BEC-A7DB-C54AF400DDBB}.Debug|Any CPU.Build.0 = Debug|Any CPU
		{DE7B33C9-324D-4BEC-A7DB-C54AF400DDBB}.Release|Any CPU.ActiveCfg = Release|Any CPU
		{DE7B33C9-324D-4BEC-A7DB-C54AF400DDBB}.Release|Any CPU.Build.0 = Release|Any CPU
	EndGlobalSection
	GlobalSection(SolutionProperties) = preSolution
		HideSolutionNode = FALSE
	EndGlobalSection
	GlobalSection(ExtensibilityGlobals) = postSolution
		SolutionGuid = {2D87959D-DDA0-41FF-A0B0-F6CEB20094EA}
	EndGlobalSection
EndGlobal
